
Microsoft Visual Studio Solution File, Format Version 12.00
# Visual Studio Version 16
VisualStudioVersion = 16.0.31702.278
MinimumVisualStudioVersion = 10.0.40219.1
Project("{FAE04EC0-301F-11D3-BF4B-00C04F79EFBC}") = "3lab", "3lab.csproj", "{B4CB809F-E861-4512-A6E4-B57601473FBA}"
EndProject
Global
	GlobalSection(SolutionConfigurationPlatforms) = preSolution
		Debug|Any CPU = Debug|Any CPU
		Release|Any CPU = Release|Any CPU
	EndGlobalSection
	GlobalSection(ProjectConfigurationPlatforms) = postSolution
		{B4CB809F-E861-4512-A6E4-B57601473FBA}.Debug|Any CPU.ActiveCfg = Debug|Any CPU
		{B4CB809F-E861-4512-A6E4-B57601473FBA}.Debug|Any CPU.Build.0 = Debug|Any CPU
		{B4CB809F-E861-4512-A6E4-B57601473FBA}.Release|Any CPU.ActiveCfg = Release|Any CPU
		{B4CB809F-E861-4512-A6E4-B57601473FBA}.Release|Any CPU.Build.0 = Release|Any CPU
	EndGlobalSection
	GlobalSection(SolutionProperties) = preSolution
		HideSolutionNode = FALSE
	EndGlobalSection
	GlobalSection(ExtensibilityGlobals) = postSolution
		SolutionGuid = {05715D50-AF0E-449C-8762-826F8228FD08}
	EndGlobalSection
EndGlobal
